NeoBundleLock The-NERD-tree af65bd23e69a3a5fc1a39eb47733191b7110bb1e
NeoBundleLock neobundle.vim 108ce2c80e0af6898f967f4df7ff189368351ff6
NeoBundleLock neomru.vim 8655b3ba4e33a9e9d2f77c26365458c1702bdb16
NeoBundleLock plantuml-syntax 27ed5e6dd89d6a9e23a472631a06feeb55224606
NeoBundleLock unite.vim 515b01c64bd92ade146898d5ff7ad7d81a9adc2f
NeoBundleLock vim-coffee-script 32fe889b8cafd3a4921ef8e6485156453ff58c42
NeoBundleLock vim-colors-solarized 528a59f26d12278698bb946f8fb82a63711eec21
NeoBundleLock vim-slim 0daaa8581f9a9968cebbc7d14ae9acf1625c0389
